
Microsoft Visual Studio Solution File, Format Version 12.00
# Visual Studio Version 17
VisualStudioVersion = 17.2.32602.215
MinimumVisualStudioVersion = 10.0.40219.1
Project("{FAE04EC0-301F-11D3-BF4B-00C04F79EFBC}") = "Xelk", "Xelk\Xelk.csproj", "{ABFBBDDA-6BD1-4D59-A387-75B9A1140FDF}"
EndProject
Global
	GlobalSection(SolutionConfigurationPlatforms) = preSolution
		Debug|Any CPU = Debug|Any CPU
		Release|Any CPU = Release|Any CPU
	EndGlobalSection
	GlobalSection(ProjectConfigurationPlatforms) = postSolution
		{ABFBBDDA-6BD1-4D59-A387-75B9A1140FDF}.Debug|Any CPU.ActiveCfg = Debug|Any CPU
		{ABFBBDDA-6BD1-4D59-A387-75B9A1140FDF}.Debug|Any CPU.Build.0 = Debug|Any CPU
		{ABFBBDDA-6BD1-4D59-A387-75B9A1140FDF}.Release|Any CPU.ActiveCfg = Release|Any CPU
		{ABFBBDDA-6BD1-4D59-A387-75B9A1140FDF}.Release|Any CPU.Build.0 = Release|Any CPU
	EndGlobalSection
	GlobalSection(SolutionProperties) = preSolution
		HideSolutionNode = FALSE
	EndGlobalSection
	GlobalSection(ExtensibilityGlobals) = postSolution
		SolutionGuid = {3E607EEA-6663-4635-9E53-0C11A0720D22}
	EndGlobalSection
EndGlobal
